{
    "hash": "7165daa4c0cdb2d4682702b7c73053f3",
    "packages": [
        {
            "package": "amazonwebservices/aws-sdk-for-php",
            "version": "dev-master",
            "source-reference": "help",
            "commit-date": "1348703818"
        },
        {
            "package": "behat/behat",
            "version": "v2.4.4"
        },
        {
            "package": "behat/gherkin",
            "version": "v2.2.5"
        },
        {
            "package": "behat/mink",
            "version": "dev-develop",
            "alias-pretty-version": "1.4.x-dev",
            "alias-version": "1.4.9999999.9999999-dev"
        },
        {
            "package": "behat/mink",
            "version": "dev-develop",
            "source-reference": "7e4b1e57d6dfd787436e2aad7073f519a0dd175e",
            "commit-date": "1348131331"
        },
        {
            "package": "behat/mink-browserkit-driver",
            "version": "dev-master",
            "source-reference": "97fa7d67ab5afb13d74515c15ef5c0cab12c0bc0",
            "commit-date": "1341477260"
        },
        {
            "package": "behat/mink-extension",
            "version": "dev-master",
            "source-reference": "7653c3ca1f35fb1b52407a08d6b5e934a8a194ae",
            "commit-date": "1348916525"
        },
        {
            "package": "behat/mink-goutte-driver",
            "version": "v1.0.3"
        },
        {
            "package": "behat/mink-sahi-driver",
            "version": "dev-master",
            "source-reference": "0a6c2b42c712a62d744051eb90aac0163c6a893a",
            "commit-date": "1341477311"
        },
        {
            "package": "behat/mink-selenium2-driver",
            "version": "dev-master",
            "source-reference": "599c232b555ba78c67e03ab328d0c9d49c35e989",
            "commit-date": "1348181707"
        },
        {
            "package": "behat/sahi-client",
            "version": "v1.0.1"
        },
        {
            "package": "breerly/zf1",
            "version": "1.11.11"
        },
        {
            "package": "emagister/zend-form-decorators-bootstrap",
            "version": "dev-master",
            "source-reference": "83e91f5ca7144b8aca6e5246a4a9a30108db9a3b",
            "commit-date": "1349032633"
        },
        {
            "package": "fabpot/goutte",
            "version": "dev-master",
            "source-reference": "1d72f22b21b37a8d38ea48e17b34c3afc73dfc46",
            "commit-date": "1346234818"
        },
        {
            "package": "guzzle/common",
            "version": "v2.8.6"
        },
        {
            "package": "guzzle/http",
            "version": "v2.8.6"
        },
        {
            "package": "guzzle/parser",
            "version": "v2.8.6"
        },
        {
            "package": "instaclick/php-webdriver",
            "version": "dev-master",
            "source-reference": "v1.0.7",
            "commit-date": "1348778354"
        },
        {
            "package": "kriswallsmith/buzz",
            "version": "dev-master",
            "source-reference": "988bf14201ffbed940f23b42f87302e6adec4c21",
            "commit-date": "1345206213"
        },
        {
            "package": "mockery/mockery",
            "version": "dev-master",
            "source-reference": "b6adea3c241798c5afcbe2a2ac9294ce635a096f",
            "commit-date": "1348513062"
        },
        {
            "package": "phpunit/php-code-coverage",
            "version": "1.2.x-dev",
            "source-reference": "52affc96c87c0e01e62a1a97fa10f4f1d9810e15",
            "commit-date": "1349011284"
        },
        {
            "package": "phpunit/php-file-iterator",
            "version": "dev-master",
            "source-reference": "1.3.2",
            "commit-date": "1348340841"
        },
        {
            "package": "phpunit/php-text-template",
            "version": "dev-master",
            "source-reference": "1.1.2",
            "commit-date": "1348422648"
        },
        {
            "package": "phpunit/php-timer",
            "version": "dev-master",
            "source-reference": "1.0.3",
            "commit-date": "1348423019"
        },
        {
            "package": "phpunit/php-token-stream",
            "version": "dev-master",
            "source-reference": "1.1.4",
            "commit-date": "1348424514"
        },
        {
            "package": "phpunit/phpunit",
            "version": "3.7.x-dev",
            "source-reference": "3fd1406999216d4c5d699674a78c48c88fab766b",
            "commit-date": "1349125539"
        },
        {
            "package": "phpunit/phpunit-mock-objects",
            "version": "1.2.x-dev",
            "source-reference": "cab48c8bca4ca1b264fe45ec380293555f7c8530",
            "commit-date": "1348211215"
        },
        {
            "package": "symfony/browser-kit",
            "version": "2.1.x-dev",
            "source-reference": "v2.1.2",
            "commit-date": "1347274422"
        },
        {
            "package": "symfony/config",
            "version": "2.1.x-dev",
            "source-reference": "5ab20cf4065009c9c5b362e1aa30056a5075e268",
            "commit-date": "1348748941"
        },
        {
            "package": "symfony/console",
            "version": "2.1.x-dev",
            "source-reference": "1fbfb98e6b976189947df1b519b029e0d967d3f5",
            "commit-date": "1348842916"
        },
        {
            "package": "symfony/css-selector",
            "version": "2.1.x-dev",
            "source-reference": "v2.1.0-RC2",
            "commit-date": "1345643321"
        },
        {
            "package": "symfony/dependency-injection",
            "version": "2.1.x-dev",
            "source-reference": "v2.1.2",
            "commit-date": "1347914517"
        },
        {
            "package": "symfony/dom-crawler",
            "version": "2.1.x-dev",
            "source-reference": "fadb29776829ab7d2ebd05714b638f477a240e55",
            "commit-date": "1348563803"
        },
        {
            "package": "symfony/event-dispatcher",
            "version": "2.1.x-dev",
            "source-reference": "v2.1.2",
            "commit-date": "1347274422"
        },
        {
            "package": "symfony/finder",
            "version": "2.1.x-dev",
            "source-reference": "v2.1.2",
            "commit-date": "1345643321"
        },
        {
            "package": "symfony/process",
            "version": "2.1.x-dev",
            "source-reference": "f43a1238556d15486d73e5a5c741636eb8e52cff",
            "commit-date": "1348580933"
        },
        {
            "package": "symfony/translation",
            "version": "2.1.x-dev",
            "source-reference": "4fea82d0765c03026c174231c220b50e251fc322",
            "commit-date": "1348842738"
        },
        {
            "package": "symfony/yaml",
            "version": "2.1.x-dev",
            "source-reference": "v2.1.0-RC2",
            "commit-date": "1345643321"
        }
    ],
    "packages-dev": null,
    "aliases": [

    ],
    "minimum-stability": "dev",
    "stability-flags": [

    ]
}
