{
    "hash": "dd23b394980c44b4353f0b1c2467e364",
    "packages": [
        {
            "package": "EHER/PHPUnit",
            "version": "dev-master",
            "source-reference": "5129a677f272d49f6aee8223aa3a1b5fed2a53b7",
            "commit-date": "1337824928"
        },
        {
            "package": "behat/behat",
            "version": "v2.4.3"
        },
        {
            "package": "behat/gherkin",
            "version": "v2.2.4"
        },
        {
            "package": "behat/mink",
            "version": "v1.4.0"
        },
        {
            "package": "behat/mink-browserkit-driver",
            "version": "dev-master",
            "source-reference": "97fa7d67ab5afb13d74515c15ef5c0cab12c0bc0",
            "commit-date": "1341477260"
        },
        {
            "package": "behat/mink-extension",
            "version": "dev-master",
            "source-reference": "7cc6e98ec9161280cfb944a9bd98a1358ac416e8",
            "commit-date": "1343851539"
        },
        {
            "package": "behat/mink-goutte-driver",
            "version": "dev-master",
            "source-reference": "192e58dfd26098385218d65637426c26d148d9b0",
            "commit-date": "1343123643"
        },
        {
            "package": "behat/mink-sahi-driver",
            "version": "dev-master",
            "source-reference": "0a6c2b42c712a62d744051eb90aac0163c6a893a",
            "commit-date": "1341477311"
        },
        {
            "package": "behat/sahi-client",
            "version": "v1.0.1"
        },
        {
            "package": "breerly/zf1",
            "version": "1.11.11"
        },
        {
            "package": "fabpot/goutte",
            "version": "dev-master",
            "source-reference": "5f7fd00c7f1c47a66e552f636450ff883e02cf33",
            "commit-date": "1343461948"
        },
        {
            "package": "guzzle/common",
            "version": "v2.8.2"
        },
        {
            "package": "guzzle/http",
            "version": "v2.8.2"
        },
        {
            "package": "guzzle/parser",
            "version": "v2.8.2"
        },
        {
            "package": "kriswallsmith/buzz",
            "version": "dev-master",
            "source-reference": "2ba5da13b1b03590f0164b3fb61578078d671fcc",
            "commit-date": "1341070218"
        },
        {
            "package": "symfony/browser-kit",
            "version": "dev-master",
            "alias-pretty-version": "2.1.x-dev",
            "alias-version": "2.1.9999999.9999999-dev"
        },
        {
            "package": "symfony/browser-kit",
            "version": "dev-master",
            "source-reference": "v2.1.0-RC1",
            "commit-date": "1343564266"
        },
        {
            "package": "symfony/config",
            "version": "dev-master",
            "alias-pretty-version": "2.1.x-dev",
            "alias-version": "2.1.9999999.9999999-dev"
        },
        {
            "package": "symfony/config",
            "version": "dev-master",
            "source-reference": "v2.1.0-RC1",
            "commit-date": "1343512949"
        },
        {
            "package": "symfony/console",
            "version": "dev-master",
            "alias-pretty-version": "2.1.x-dev",
            "alias-version": "2.1.9999999.9999999-dev"
        },
        {
            "package": "symfony/console",
            "version": "dev-master",
            "source-reference": "v2.1.0-RC1",
            "commit-date": "1343512949"
        },
        {
            "package": "symfony/css-selector",
            "version": "dev-master",
            "alias-pretty-version": "2.1.x-dev",
            "alias-version": "2.1.9999999.9999999-dev"
        },
        {
            "package": "symfony/css-selector",
            "version": "dev-master",
            "source-reference": "v2.1.0-RC1",
            "commit-date": "1342347231"
        },
        {
            "package": "symfony/dependency-injection",
            "version": "dev-master",
            "alias-pretty-version": "2.1.x-dev",
            "alias-version": "2.1.9999999.9999999-dev"
        },
        {
            "package": "symfony/dependency-injection",
            "version": "dev-master",
            "source-reference": "v2.1.0-RC1",
            "commit-date": "1343997870"
        },
        {
            "package": "symfony/dom-crawler",
            "version": "dev-master",
            "alias-pretty-version": "2.1.x-dev",
            "alias-version": "2.1.9999999.9999999-dev"
        },
        {
            "package": "symfony/dom-crawler",
            "version": "dev-master",
            "source-reference": "v2.1.0-RC1",
            "commit-date": "1342347231"
        },
        {
            "package": "symfony/event-dispatcher",
            "version": "dev-master",
            "alias-pretty-version": "2.1.x-dev",
            "alias-version": "2.1.9999999.9999999-dev"
        },
        {
            "package": "symfony/event-dispatcher",
            "version": "dev-master",
            "source-reference": "v2.1.0-RC1",
            "commit-date": "1342739894"
        },
        {
            "package": "symfony/finder",
            "version": "dev-master",
            "alias-pretty-version": "2.1.x-dev",
            "alias-version": "2.1.9999999.9999999-dev"
        },
        {
            "package": "symfony/finder",
            "version": "dev-master",
            "source-reference": "v2.1.0-RC1",
            "commit-date": "1343512949"
        },
        {
            "package": "symfony/process",
            "version": "dev-master",
            "alias-pretty-version": "2.1.x-dev",
            "alias-version": "2.1.9999999.9999999-dev"
        },
        {
            "package": "symfony/process",
            "version": "dev-master",
            "source-reference": "v2.1.0-RC1",
            "commit-date": "1343512949"
        },
        {
            "package": "symfony/translation",
            "version": "dev-master",
            "alias-pretty-version": "2.1.x-dev",
            "alias-version": "2.1.9999999.9999999-dev"
        },
        {
            "package": "symfony/translation",
            "version": "dev-master",
            "source-reference": "v2.1.0-RC1",
            "commit-date": "1343512949"
        },
        {
            "package": "symfony/yaml",
            "version": "dev-master",
            "alias-pretty-version": "2.1.x-dev",
            "alias-version": "2.1.9999999.9999999-dev"
        },
        {
            "package": "symfony/yaml",
            "version": "dev-master",
            "source-reference": "v2.1.0-RC1",
            "commit-date": "1342347231"
        }
    ],
    "packages-dev": null,
    "aliases": [

    ],
    "minimum-stability": "dev",
    "stability-flags": [

    ]
}
